// !$*UTF8*$!
{
	archiveVersion = 1;
	classes = {
	};
	objectVersion = 50;
	objects = {

/* Begin PBXBuildFile section */
		2E17F6132243CD49007724F0 /* AppDelegate.swift in Sources */ = {isa = PBXBuildFile; fileRef = 2E17F6122243CD49007724F0 /* AppDelegate.swift */; };
		2E17F6182243CD49007724F0 /* Main.storyboard in Resources */ = {isa = PBXBuildFile; fileRef = 2E17F6162243CD49007724F0 /* Main.storyboard */; };
		2E17F61B2243CD49007724F0 /* PhotosCoreData.xcdatamodeld in Sources */ = {isa = PBXBuildFile; fileRef = 2E17F6192243CD49007724F0 /* PhotosCoreData.xcdatamodeld */; };
		2E17F61D2243CD4A007724F0 /* Assets.xcassets in Resources */ = {isa = PBXBuildFile; fileRef = 2E17F61C2243CD4A007724F0 /* Assets.xcassets */; };
		2E17F6202243CD4A007724F0 /* LaunchScreen.storyboard in Resources */ = {isa = PBXBuildFile; fileRef = 2E17F61E2243CD4A007724F0 /* LaunchScreen.storyboard */; };
		2E17F62B2243CD4A007724F0 /* PhotosCoreDataTests.swift in Sources */ = {isa = PBXBuildFile; fileRef = 2E17F62A2243CD4A007724F0 /* PhotosCoreDataTests.swift */; };
		2E17F6362243CD4A007724F0 /* PhotosCoreDataUITests.swift in Sources */ = {isa = PBXBuildFile; fileRef = 2E17F6352243CD4A007724F0 /* PhotosCoreDataUITests.swift */; };
		2E17F6442243E4BD007724F0 /* PhotosViewController.swift in Sources */ = {isa = PBXBuildFile; fileRef = 2E17F6432243E4BD007724F0 /* PhotosViewController.swift */; };
		2E17F64D2244249F007724F0 /* Photo+CoreDataClass.swift in Sources */ = {isa = PBXBuildFile; fileRef = 2E17F64B2244249F007724F0 /* Photo+CoreDataClass.swift */; };
		2E17F64E2244249F007724F0 /* Photo+CoreDataProperties.swift in Sources */ = {isa = PBXBuildFile; fileRef = 2E17F64C2244249F007724F0 /* Photo+CoreDataProperties.swift */; };
/* End PBXBuildFile section */

/* Begin PBXContainerItemProxy section */
		2E17F6272243CD4A007724F0 /* PBXContainerItemProxy */ = {
			isa = PBXContainerItemProxy;
			containerPortal = 2E17F6072243CD48007724F0 /* Project object */;
			proxyType = 1;
			remoteGlobalIDString = 2E17F60E2243CD48007724F0;
			remoteInfo = PhotosCoreData;
		};
		2E17F6322243CD4A007724F0 /* PBXContainerItemProxy */ = {
			isa = PBXContainerItemProxy;
			containerPortal = 2E17F6072243CD48007724F0 /* Project object */;
			proxyType = 1;
			remoteGlobalIDString = 2E17F60E2243CD48007724F0;
			remoteInfo = PhotosCoreData;
		};
/* End PBXContainerItemProxy section */

/* Begin PBXFileReference section */
		2E17F60F2243CD49007724F0 /* PhotosCoreData.app */ = {isa = PBXFileReference; explicitFileType = wrapper.application; includeInIndex = 0; path = PhotosCoreData.app; sourceTree = BUILT_PRODUCTS_DIR; };
		2E17F6122243CD49007724F0 /* AppDelegate.swift */ = {isa = PBXFileReference; lastKnownFileType = sourcecode.swift; path = AppDelegate.swift; sourceTree = "<group>"; };
		2E17F6172243CD49007724F0 /* Base */ = {isa = PBXFileReference; lastKnownFileType = file.storyboard; name = Base; path = Base.lproj/Main.storyboard; sourceTree = "<group>"; };
		2E17F61A2243CD49007724F0 /* PhotosCoreData.xcdatamodel */ = {isa = PBXFileReference; lastKnownFileType = wrapper.xcdatamodel; path = PhotosCoreData.xcdatamodel; sourceTree = "<group>"; };
		2E17F61C2243CD4A007724F0 /* Assets.xcassets */ = {isa = PBXFileReference; lastKnownFileType = folder.assetcatalog; path = Assets.xcassets; sourceTree = "<group>"; };
		2E17F61F2243CD4A007724F0 /* Base */ = {isa = PBXFileReference; lastKnownFileType = file.storyboard; name = Base; path = Base.lproj/LaunchScreen.storyboard; sourceTree = "<group>"; };
		2E17F6212243CD4A007724F0 /* Info.plist */ = {isa = PBXFileReference; lastKnownFileType = text.plist.xml; path = Info.plist; sourceTree = "<group>"; };
		2E17F6262243CD4A007724F0 /* PhotosCoreDataTests.xctest */ = {isa = PBXFileReference; explicitFileType = wrapper.cfbundle; includeInIndex = 0; path = PhotosCoreDataTests.xctest; sourceTree = BUILT_PRODUCTS_DIR; };
		2E17F62A2243CD4A007724F0 /* PhotosCoreDataTests.swift */ = {isa = PBXFileReference; lastKnownFileType = sourcecode.swift; path = PhotosCoreDataTests.swift; sourceTree = "<group>"; };
		2E17F62C2243CD4A007724F0 /* Info.plist */ = {isa = PBXFileReference; lastKnownFileType = text.plist.xml; path = Info.plist; sourceTree = "<group>"; };
		2E17F6312243CD4A007724F0 /* PhotosCoreDataUITests.xctest */ = {isa = PBXFileReference; explicitFileType = wrapper.cfbundle; includeInIndex = 0; path = PhotosCoreDataUITests.xctest; sourceTree = BUILT_PRODUCTS_DIR; };
		2E17F6352243CD4A007724F0 /* PhotosCoreDataUITests.swift */ = {isa = PBXFileReference; lastKnownFileType = sourcecode.swift; path = PhotosCoreDataUITests.swift; sourceTree = "<group>"; };
		2E17F6372243CD4A007724F0 /* Info.plist */ = {isa = PBXFileReference; lastKnownFileType = text.plist.xml; path = Info.plist; sourceTree = "<group>"; };
		2E17F6432243E4BD007724F0 /* PhotosViewController.swift */ = {isa = PBXFileReference; lastKnownFileType = sourcecode.swift; path = PhotosViewController.swift; sourceTree = "<group>"; };
		2E17F64B2244249F007724F0 /* Photo+CoreDataClass.swift */ = {isa = PBXFileReference; lastKnownFileType = sourcecode.swift; path = "Photo+CoreDataClass.swift"; sourceTree = "<group>"; };
		2E17F64C2244249F007724F0 /* Photo+CoreDataProperties.swift */ = {isa = PBXFileReference; lastKnownFileType = sourcecode.swift; path = "Photo+CoreDataProperties.swift"; sourceTree = "<group>"; };
/* End PBXFileReference section */

/* Begin PBXFrameworksBuildPhase section */
		2E17F60C2243CD48007724F0 /* Frameworks */ = {
			isa = PBXFrameworksBuildPhase;
			buildActionMask = 2147483647;
			files = (
			);
			runOnlyForDeploymentPostprocessing = 0;
		};
		2E17F6232243CD4A007724F0 /* Frameworks */ = {
			isa = PBXFrameworksBuildPhase;
			buildActionMask = 2147483647;
			files = (
			);
			runOnlyForDeploymentPostprocessing = 0;
		};
		2E17F62E2243CD4A007724F0 /* Frameworks */ = {
			isa = PBXFrameworksBuildPhase;
			buildActionMask = 2147483647;
			files = (
			);
			runOnlyForDeploymentPostprocessing = 0;
		};
/* End PBXFrameworksBuildPhase section */

/* Begin PBXGroup section */
		2E17F6062243CD48007724F0 = {
			isa = PBXGroup;
			children = (
				2E17F6112243CD49007724F0 /* PhotosCoreData */,
				2E17F6292243CD4A007724F0 /* PhotosCoreDataTests */,
				2E17F6342243CD4A007724F0 /* PhotosCoreDataUITests */,
				2E17F6102243CD49007724F0 /* Products */,
			);
			sourceTree = "<group>";
		};
		2E17F6102243CD49007724F0 /* Products */ = {
			isa = PBXGroup;
			children = (
				2E17F60F2243CD49007724F0 /* PhotosCoreData.app */,
				2E17F6262243CD4A007724F0 /* PhotosCoreDataTests.xctest */,
				2E17F6312243CD4A007724F0 /* PhotosCoreDataUITests.xctest */,
			);
			name = Products;
			sourceTree = "<group>";
		};
		2E17F6112243CD49007724F0 /* PhotosCoreData */ = {
			isa = PBXGroup;
			children = (
				2E17F6432243E4BD007724F0 /* PhotosViewController.swift */,
				2E17F6162243CD49007724F0 /* Main.storyboard */,
				2E17F61C2243CD4A007724F0 /* Assets.xcassets */,
				2E17F6122243CD49007724F0 /* AppDelegate.swift */,
				2E17F61E2243CD4A007724F0 /* LaunchScreen.storyboard */,
				2E17F6212243CD4A007724F0 /* Info.plist */,
				2E17F6192243CD49007724F0 /* PhotosCoreData.xcdatamodeld */,
				2E17F64B2244249F007724F0 /* Photo+CoreDataClass.swift */,
				2E17F64C2244249F007724F0 /* Photo+CoreDataProperties.swift */,
			);
			path = PhotosCoreData;
			sourceTree = "<group>";
		};
		2E17F6292243CD4A007724F0 /* PhotosCoreDataTests */ = {
			isa = PBXGroup;
			children = (
				2E17F62A2243CD4A007724F0 /* PhotosCoreDataTests.swift */,
				2E17F62C2243CD4A007724F0 /* Info.plist */,
			);
			path = PhotosCoreDataTests;
			sourceTree = "<group>";
		};
		2E17F6342243CD4A007724F0 /* PhotosCoreDataUITests */ = {
			isa = PBXGroup;
			children = (
				2E17F6352243CD4A007724F0 /* PhotosCoreDataUITests.swift */,
				2E17F6372243CD4A007724F0 /* Info.plist */,
			);
			path = PhotosCoreDataUITests;
			sourceTree = "<group>";
		};
/* End PBXGroup section */

/* Begin PBXNativeTarget section */
		2E17F60E2243CD48007724F0 /* PhotosCoreData */ = {
			isa = PBXNativeTarget;
			buildConfigurationList = 2E17F63A2243CD4A007724F0 /* Build configuration list for PBXNativeTarget "PhotosCoreData" */;
			buildPhases = (
				2E17F60B2243CD48007724F0 /* Sources */,
				2E17F60C2243CD48007724F0 /* Frameworks */,
				2E17F60D2243CD48007724F0 /* Resources */,
			);
			buildRules = (
			);
			dependencies = (
			);
			name = PhotosCoreData;
			productName = PhotosCoreData;
			productReference = 2E17F60F2243CD49007724F0 /* PhotosCoreData.app */;
			productType = "com.apple.product-type.application";
		};
		2E17F6252243CD4A007724F0 /* PhotosCoreDataTests */ = {
			isa = PBXNativeTarget;
			buildConfigurationList = 2E17F63D2243CD4A007724F0 /* Build configuration list for PBXNativeTarget "PhotosCoreDataTests" */;
			buildPhases = (
				2E17F6222243CD4A007724F0 /* Sources */,
				2E17F6232243CD4A007724F0 /* Frameworks */,
				2E17F6242243CD4A007724F0 /* Resources */,
			);
			buildRules = (
			);
			dependencies = (
				2E17F6282243CD4A007724F0 /* PBXTargetDependency */,
			);
			name = PhotosCoreDataTests;
			productName = PhotosCoreDataTests;
			productReference = 2E17F6262243CD4A007724F0 /* PhotosCoreDataTests.xctest */;
			productType = "com.apple.product-type.bundle.unit-test";
		};
		2E17F6302243CD4A007724F0 /* PhotosCoreDataUITests */ = {
			isa = PBXNativeTarget;
			buildConfigurationList = 2E17F6402243CD4A007724F0 /* Build configuration list for PBXNativeTarget "PhotosCoreDataUITests" */;
			buildPhases = (
				2E17F62D2243CD4A007724F0 /* Sources */,
				2E17F62E2243CD4A007724F0 /* Frameworks */,
				2E17F62F2243CD4A007724F0 /* Resources */,
			);
			buildRules = (
			);
			dependencies = (
				2E17F6332243CD4A007724F0 /* PBXTargetDependency */,
			);
			name = PhotosCoreDataUITests;
			productName = PhotosCoreDataUITests;
			productReference = 2E17F6312243CD4A007724F0 /* PhotosCoreDataUITests.xctest */;
			productType = "com.apple.product-type.bundle.ui-testing";
		};
/* End PBXNativeTarget section */

/* Begin PBXProject section */
		2E17F6072243CD48007724F0 /* Project object */ = {
			isa = PBXProject;
			attributes = {
				LastSwiftUpdateCheck = 1010;
				LastUpgradeCheck = 1010;
				ORGANIZATIONNAME = "Zachary Pierucci";
				TargetAttributes = {
					2E17F60E2243CD48007724F0 = {
						CreatedOnToolsVersion = 10.1;
					};
					2E17F6252243CD4A007724F0 = {
						CreatedOnToolsVersion = 10.1;
						TestTargetID = 2E17F60E2243CD48007724F0;
					};
					2E17F6302243CD4A007724F0 = {
						CreatedOnToolsVersion = 10.1;
						TestTargetID = 2E17F60E2243CD48007724F0;
					};
				};
			};
			buildConfigurationList = 2E17F60A2243CD48007724F0 /* Build configuration list for PBXProject "PhotosCoreData" */;
			compatibilityVersion = "Xcode 9.3";
			developmentRegion = en;
			hasScannedForEncodings = 0;
			knownRegions = (
				en,
				Base,
			);
			mainGroup = 2E17F6062243CD48007724F0;
			productRefGroup = 2E17F6102243CD49007724F0 /* Products */;
			projectDirPath = "";
			projectRoot = "";
			targets = (
				2E17F60E2243CD48007724F0 /* PhotosCoreData */,
				2E17F6252243CD4A007724F0 /* PhotosCoreDataTests */,
				2E17F6302243CD4A007724F0 /* PhotosCoreDataUITests */,
			);
		};
/* End PBXProject section */

/* Begin PBXResourcesBuildPhase section */
		2E17F60D2243CD48007724F0 /* Resources */ = {
			isa = PBXResourcesBuildPhase;
			buildActionMask = 2147483647;
			files = (
				2E17F6202243CD4A007724F0 /* LaunchScreen.storyboard in Resources */,
				2E17F61D2243CD4A007724F0 /* Assets.xcassets in Resources */,
				2E17F6182243CD49007724F0 /* Main.storyboard in Resources */,
			);
			runOnlyForDeploymentPostprocessing = 0;
		};
		2E17F6242243CD4A007724F0 /* Resources */ = {
			isa = PBXResourcesBuildPhase;
			buildActionMask = 2147483647;
			files = (
			);
			runOnlyForDeploymentPostprocessing = 0;
		};
		2E17F62F2243CD4A007724F0 /* Resources */ = {
			isa = PBXResourcesBuildPhase;
			buildActionMask = 2147483647;
			files = (
			);
			runOnlyForDeploymentPostprocessing = 0;
		};
/* End PBXResourcesBuildPhase section */

/* Begin PBXSourcesBuildPhase section */
		2E17F60B2243CD48007724F0 /* Sources */ = {
			isa = PBXSourcesBuildPhase;
			buildActionMask = 2147483647;
			files = (
				2E17F6442243E4BD007724F0 /* PhotosViewController.swift in Sources */,
				2E17F61B2243CD49007724F0 /* PhotosCoreData.xcdatamodeld in Sources */,
				2E17F64D2244249F007724F0 /* Photo+CoreDataClass.swift in Sources */,
				2E17F64E2244249F007724F0 /* Photo+CoreDataProperties.swift in Sources */,
				2E17F6132243CD49007724F0 /* AppDelegate.swift in Sources */,
			);
			runOnlyForDeploymentPostprocessing = 0;
		};
		2E17F6222243CD4A007724F0 /* Sources */ = {
			isa = PBXSourcesBuildPhase;
			buildActionMask = 2147483647;
			files = (
				2E17F62B2243CD4A007724F0 /* PhotosCoreDataTests.swift in Sources */,
			);
			runOnlyForDeploymentPostprocessing = 0;
		};
		2E17F62D2243CD4A007724F0 /* Sources */ = {
			isa = PBXSourcesBuildPhase;
			buildActionMask = 2147483647;
			files = (
				2E17F6362243CD4A007724F0 /* PhotosCoreDataUITests.swift in Sources */,
			);
			runOnlyForDeploymentPostprocessing = 0;
		};
/* End PBXSourcesBuildPhase section */

/* Begin PBXTargetDependency section */
		2E17F6282243CD4A007724F0 /* PBXTargetDependency */ = {
			isa = PBXTargetDependency;
			target = 2E17F60E2243CD48007724F0 /* PhotosCoreData */;
			targetProxy = 2E17F6272243CD4A007724F0 /* PBXContainerItemProxy */;
		};
		2E17F6332243CD4A007724F0 /* PBXTargetDependency */ = {
			isa = PBXTargetDependency;
			target = 2E17F60E2243CD48007724F0 /* PhotosCoreData */;
			targetProxy = 2E17F6322243CD4A007724F0 /* PBXContainerItemProxy */;
		};
/* End PBXTargetDependency section */

/* Begin PBXVariantGroup section */
		2E17F6162243CD49007724F0 /* Main.storyboard */ = {
			isa = PBXVariantGroup;
			children = (
				2E17F6172243CD49007724F0 /* Base */,
			);
			name = Main.storyboard;
			sourceTree = "<group>";
		};
		2E17F61E2243CD4A007724F0 /* LaunchScreen.storyboard */ = {
			isa = PBXVariantGroup;
			children = (
				2E17F61F2243CD4A007724F0 /* Base */,
			);
			name = LaunchScreen.storyboard;
			sourceTree = "<group>";
		};
/* End PBXVariantGroup section */

/* Begin XCBuildConfiguration section */
		2E17F6382243CD4A007724F0 /* Debug */ = {
			isa = XCBuildConfiguration;
			buildSettings = {
				ALWAYS_SEARCH_USER_PATHS = NO;
				CLANG_ANALYZER_NONNULL = YES;
				CLANG_ANALYZER_NUMBER_OBJECT_CONVERSION = YES_AGGRESSIVE;
				CLANG_CXX_LANGUAGE_STANDARD = "gnu++14";
				CLANG_CXX_LIBRARY = "libc++";
				CLANG_ENABLE_MODULES = YES;
				CLANG_ENABLE_OBJC_ARC = YES;
				CLANG_ENABLE_OBJC_WEAK = YES;
				CLANG_WARN_BLOCK_CAPTURE_AUTORELEASING = YES;
				CLANG_WARN_BOOL_CONVERSION = YES;
				CLANG_WARN_COMMA = YES;
				CLANG_WARN_CONSTANT_CONVERSION = YES;
				CLANG_WARN_DEPRECATED_OBJC_IMPLEMENTATIONS = YES;
				CLANG_WARN_DIRECT_OBJC_ISA_USAGE = YES_ERROR;
				CLANG_WARN_DOCUMENTATION_COMMENTS = YES;
				CLANG_WARN_EMPTY_BODY = YES;
				CLANG_WARN_ENUM_CONVERSION = YES;
				CLANG_WARN_INFINITE_RECURSION = YES;
				CLANG_WARN_INT_CONVERSION = YES;
				CLANG_WARN_NON_LITERAL_NULL_CONVERSION = YES;
				CLANG_WARN_OBJC_IMPLICIT_RETAIN_SELF = YES;
				CLANG_WARN_OBJC_LITERAL_CONVERSION = YES;
				CLANG_WARN_OBJC_ROOT_CLASS = YES_ERROR;
				CLANG_WARN_RANGE_LOOP_ANALYSIS = YES;
				CLANG_WARN_STRICT_PROTOTYPES = YES;
				CLANG_WARN_SUSPICIOUS_MOVE = YES;
				CLANG_WARN_UNGUARDED_AVAILABILITY = YES_AGGRESSIVE;
				CLANG_WARN_UNREACHABLE_CODE = YES;
				CLANG_WARN__DUPLICATE_METHOD_MATCH = YES;
				CODE_SIGN_IDENTITY = "iPhone Developer";
				COPY_PHASE_STRIP = NO;
				DEBUG_INFORMATION_FORMAT = dwarf;
				ENABLE_STRICT_OBJC_MSGSEND = YES;
				ENABLE_TESTABILITY = YES;
				GCC_C_LANGUAGE_STANDARD = gnu11;
				GCC_DYNAMIC_NO_PIC = NO;
				GCC_NO_COMMON_BLOCKS = YES;
				GCC_OPTIMIZATION_LEVEL = 0;
				GCC_PREPROCESSOR_DEFINITIONS = (
					"DEBUG=1",
					"$(inherited)",
				);
				GCC_WARN_64_TO_32_BIT_CONVERSION = YES;
				GCC_WARN_ABOUT_RETURN_TYPE = YES_ERROR;
				GCC_WARN_UNDECLARED_SELECTOR = YES;
				GCC_WARN_UNINITIALIZED_AUTOS = YES_AGGRESSIVE;
				GCC_WARN_UNUSED_FUNCTION = YES;
				GCC_WARN_UNUSED_VARIABLE = YES;
				IPHONEOS_DEPLOYMENT_TARGET = 12.1;
				MTL_ENABLE_DEBUG_INFO = INCLUDE_SOURCE;
				MTL_FAST_MATH = YES;
				ONLY_ACTIVE_ARCH = YES;
				SDKROOT = iphoneos;
				SWIFT_ACTIVE_COMPILATION_CONDITIONS = DEBUG;
				SWIFT_OPTIMIZATION_LEVEL = "-Onone";
			};
			name = Debug;
		};
		2E17F6392243CD4A007724F0 /* Release */ = {
			isa = XCBuildConfiguration;
			buildSettings = {
				ALWAYS_SEARCH_USER_PATHS = NO;
				CLANG_ANALYZER_NONNULL = YES;
				CLANG_ANALYZER_NUMBER_OBJECT_CONVERSION = YES_AGGRESSIVE;
				CLANG_CXX_LANGUAGE_STANDARD = "gnu++14";
				CLANG_CXX_LIBRARY = "libc++";
				CLANG_ENABLE_MODULES = YES;
				CLANG_ENABLE_OBJC_ARC = YES;
				CLANG_ENABLE_OBJC_WEAK = YES;
				CLANG_WARN_BLOCK_CAPTURE_AUTORELEASING = YES;
				CLANG_WARN_BOOL_CONVERSION = YES;
				CLANG_WARN_COMMA = YES;
				CLANG_WARN_CONSTANT_CONVERSION = YES;
				CLANG_WARN_DEPRECATED_OBJC_IMPLEMENTATIONS = YES;
				CLANG_WARN_DIRECT_OBJC_ISA_USAGE = YES_ERROR;
				CLANG_WARN_DOCUMENTATION_COMMENTS = YES;
				CLANG_WARN_EMPTY_BODY = YES;
				CLANG_WARN_ENUM_CONVERSION = YES;
				CLANG_WARN_INFINITE_RECURSION = YES;
				CLANG_WARN_INT_CONVERSION = YES;
				CLANG_WARN_NON_LITERAL_NULL_CONVERSION = YES;
				CLANG_WARN_OBJC_IMPLICIT_RETAIN_SELF = YES;
				CLANG_WARN_OBJC_LITERAL_CONVERSION = YES;
				CLANG_WARN_OBJC_ROOT_CLASS = YES_ERROR;
				CLANG_WARN_RANGE_LOOP_ANALYSIS = YES;
				CLANG_WARN_STRICT_PROTOTYPES = YES;
				CLANG_WARN_SUSPICIOUS_MOVE = YES;
				CLANG_WARN_UNGUARDED_AVAILABILITY = YES_AGGRESSIVE;
				CLANG_WARN_UNREACHABLE_CODE = YES;
				CLANG_WARN__DUPLICATE_METHOD_MATCH = YES;
				CODE_SIGN_IDENTITY = "iPhone Developer";
				COPY_PHASE_STRIP = NO;
				DEBUG_INFORMATION_FORMAT = "dwarf-with-dsym";
				ENABLE_NS_ASSERTIONS = NO;
				ENABLE_STRICT_OBJC_MSGSEND = YES;
				GCC_C_LANGUAGE_STANDARD = gnu11;
				GCC_NO_COMMON_BLOCKS = YES;
				GCC_WARN_64_TO_32_BIT_CONVERSION = YES;
				GCC_WARN_ABOUT_RETURN_TYPE = YES_ERROR;
				GCC_WARN_UNDECLARED_SELECTOR = YES;
				GCC_WARN_UNINITIALIZED_AUTOS = YES_AGGRESSIVE;
				GCC_WARN_UNUSED_FUNCTION = YES;
				GCC_WARN_UNUSED_VARIABLE = YES;
				IPHONEOS_DEPLOYMENT_TARGET = 12.1;
				MTL_ENABLE_DEBUG_INFO = NO;
				MTL_FAST_MATH = YES;
				SDKROOT = iphoneos;
				SWIFT_COMPILATION_MODE = wholemodule;
				SWIFT_OPTIMIZATION_LEVEL = "-O";
				VALIDATE_PRODUCT = YES;
			};
			name = Release;
		};
		2E17F63B2243CD4A007724F0 /* Debug */ = {
			isa = XCBuildConfiguration;
			buildSettings = {
				ASSETCATALOG_COMPILER_APPICON_NAME = AppIcon;
				CODE_SIGN_STYLE = Automatic;
				DEVELOPMENT_TEAM = 4FNJNUQ3AD;
				INFOPLIST_FILE = PhotosCoreData/Info.plist;
				LD_RUNPATH_SEARCH_PATHS = (
					"$(inherited)",
					"@executable_path/Frameworks",
				);
				PRODUCT_BUNDLE_IDENTIFIER = com.znpcp5.PhotosCoreData;
				PRODUCT_NAME = "$(TARGET_NAME)";
				SWIFT_VERSION = 4.2;
				TARGETED_DEVICE_FAMILY = "1,2";
			};
			name = Debug;
		};
		2E17F63C2243CD4A007724F0 /* Release */ = {
			isa = XCBuildConfiguration;
			buildSettings = {
				ASSETCATALOG_COMPILER_APPICON_NAME = AppIcon;
				CODE_SIGN_STYLE = Automatic;
				DEVELOPMENT_TEAM = 4FNJNUQ3AD;
				INFOPLIST_FILE = PhotosCoreData/Info.plist;
				LD_RUNPATH_SEARCH_PATHS = (
					"$(inherited)",
					"@executable_path/Frameworks",
				);
				PRODUCT_BUNDLE_IDENTIFIER = com.znpcp5.PhotosCoreData;
				PRODUCT_NAME = "$(TARGET_NAME)";
				SWIFT_VERSION = 4.2;
				TARGETED_DEVICE_FAMILY = "1,2";
			};
			name = Release;
		};
		2E17F63E2243CD4A007724F0 /* Debug */ = {
			isa = XCBuildConfiguration;
			buildSettings = {
				ALWAYS_EMBED_SWIFT_STANDARD_LIBRARIES = YES;
				BUNDLE_LOADER = "$(TEST_HOST)";
				CODE_SIGN_STYLE = Automatic;
				DEVELOPMENT_TEAM = 4FNJNUQ3AD;
				INFOPLIST_FILE = PhotosCoreDataTests/Info.plist;
				LD_RUNPATH_SEARCH_PATHS = (
					"$(inherited)",
					"@executable_path/Frameworks",
					"@loader_path/Frameworks",
				);
				PRODUCT_BUNDLE_IDENTIFIER = com.znpcp5.PhotosCoreDataTests;
				PRODUCT_NAME = "$(TARGET_NAME)";
				SWIFT_VERSION = 4.2;
				TARGETED_DEVICE_FAMILY = "1,2";
				TEST_HOST = "$(BUILT_PRODUCTS_DIR)/PhotosCoreData.app/PhotosCoreData";
			};
			name = Debug;
		};
		2E17F63F2243CD4A007724F0 /* Release */ = {
			isa = XCBuildConfiguration;
			buildSettings = {
				ALWAYS_EMBED_SWIFT_STANDARD_LIBRARIES = YES;
				BUNDLE_LOADER = "$(TEST_HOST)";
				CODE_SIGN_STYLE = Automatic;
				DEVELOPMENT_TEAM = 4FNJNUQ3AD;
				INFOPLIST_FILE = PhotosCoreDataTests/Info.plist;
				LD_RUNPATH_SEARCH_PATHS = (
					"$(inherited)",
					"@executable_path/Frameworks",
					"@loader_path/Frameworks",
				);
				PRODUCT_BUNDLE_IDENTIFIER = com.znpcp5.PhotosCoreDataTests;
				PRODUCT_NAME = "$(TARGET_NAME)";
				SWIFT_VERSION = 4.2;
				TARGETED_DEVICE_FAMILY = "1,2";
				TEST_HOST = "$(BUILT_PRODUCTS_DIR)/PhotosCoreData.app/PhotosCoreData";
			};
			name = Release;
		};
		2E17F6412243CD4A007724F0 /* Debug */ = {
			isa = XCBuildConfiguration;
			buildSettings = {
				ALWAYS_EMBED_SWIFT_STANDARD_LIBRARIES = YES;
				CODE_SIGN_STYLE = Automatic;
				DEVELOPMENT_TEAM = 4FNJNUQ3AD;
				INFOPLIST_FILE = PhotosCoreDataUITests/Info.plist;
				LD_RUNPATH_SEARCH_PATHS = (
					"$(inherited)",
					"@executable_path/Frameworks",
					"@loader_path/Frameworks",
				);
				PRODUCT_BUNDLE_IDENTIFIER = com.znpcp5.PhotosCoreDataUITests;
				PRODUCT_NAME = "$(TARGET_NAME)";
				SWIFT_VERSION = 4.2;
				TARGETED_DEVICE_FAMILY = "1,2";
				TEST_TARGET_NAME = PhotosCoreData;
			};
			name = Debug;
		};
		2E17F6422243CD4A007724F0 /* Release */ = {
			isa = XCBuildConfiguration;
			buildSettings = {
				ALWAYS_EMBED_SWIFT_STANDARD_LIBRARIES = YES;
				CODE_SIGN_STYLE = Automatic;
				DEVELOPMENT_TEAM = 4FNJNUQ3AD;
				INFOPLIST_FILE = PhotosCoreDataUITests/Info.plist;
				LD_RUNPATH_SEARCH_PATHS = (
					"$(inherited)",
					"@executable_path/Frameworks",
					"@loader_path/Frameworks",
				);
				PRODUCT_BUNDLE_IDENTIFIER = com.znpcp5.PhotosCoreDataUITests;
				PRODUCT_NAME = "$(TARGET_NAME)";
				SWIFT_VERSION = 4.2;
				TARGETED_DEVICE_FAMILY = "1,2";
				TEST_TARGET_NAME = PhotosCoreData;
			};
			name = Release;
		};
/* End XCBuildConfiguration section */

/* Begin XCConfigurationList section */
		2E17F60A2243CD48007724F0 /* Build configuration list for PBXProject "PhotosCoreData" */ = {
			isa = XCConfigurationList;
			buildConfigurations = (
				2E17F6382243CD4A007724F0 /* Debug */,
				2E17F6392243CD4A007724F0 /* Release */,
			);
			defaultConfigurationIsVisible = 0;
			defaultConfigurationName = Release;
		};
		2E17F63A2243CD4A007724F0 /* Build configuration list for PBXNativeTarget "PhotosCoreData" */ = {
			isa = XCConfigurationList;
			buildConfigurations = (
				2E17F63B2243CD4A007724F0 /* Debug */,
				2E17F63C2243CD4A007724F0 /* Release */,
			);
			defaultConfigurationIsVisible = 0;
			defaultConfigurationName = Release;
		};
		2E17F63D2243CD4A007724F0 /* Build configuration list for PBXNativeTarget "PhotosCoreDataTests" */ = {
			isa = XCConfigurationList;
			buildConfigurations = (
				2E17F63E2243CD4A007724F0 /* Debug */,
				2E17F63F2243CD4A007724F0 /* Release */,
			);
			defaultConfigurationIsVisible = 0;
			defaultConfigurationName = Release;
		};
		2E17F6402243CD4A007724F0 /* Build configuration list for PBXNativeTarget "PhotosCoreDataUITests" */ = {
			isa = XCConfigurationList;
			buildConfigurations = (
				2E17F6412243CD4A007724F0 /* Debug */,
				2E17F6422243CD4A007724F0 /* Release */,
			);
			defaultConfigurationIsVisible = 0;
			defaultConfigurationName = Release;
		};
/* End XCConfigurationList section */

/* Begin XCVersionGroup section */
		2E17F6192243CD49007724F0 /* PhotosCoreData.xcdatamodeld */ = {
			isa = XCVersionGroup;
			children = (
				2E17F61A2243CD49007724F0 /* PhotosCoreData.xcdatamodel */,
			);
			currentVersion = 2E17F61A2243CD49007724F0 /* PhotosCoreData.xcdatamodel */;
			path = PhotosCoreData.xcdatamodeld;
			sourceTree = "<group>";
			versionGroupType = wrapper.xcdatamodel;
		};
/* End XCVersionGroup section */
	};
	rootObject = 2E17F6072243CD48007724F0 /* Project object */;
}
